// !$*UTF8*$!
{
	archiveVersion = 1;
	classes = {
	};
	objectVersion = 46;
	objects = {

/* Begin PBXBuildFile section */
		714926451A9619E500C00607 /* OrderItem.swift in Sources */ = {isa = PBXBuildFile; fileRef = 714926441A9619E500C00607 /* OrderItem.swift */; };
		714926491A9642BD00C00607 /* MultipeerConnectivityService.m in Sources */ = {isa = PBXBuildFile; fileRef = 714926481A9642BD00C00607 /* MultipeerConnectivityService.m */; };
		714926521A964DD700C00607 /* PLPartyTime.m in Sources */ = {isa = PBXBuildFile; fileRef = 714926511A964DD700C00607 /* PLPartyTime.m */; };
		71499EC11ABAC4EB0098CF51 /* notification.mp3 in Resources */ = {isa = PBXBuildFile; fileRef = 71499EC01ABAC4EB0098CF51 /* notification.mp3 */; };
		716F42A61A960E3F001829A6 /* OrderCell.xib in Resources */ = {isa = PBXBuildFile; fileRef = 716F42A51A960E3F001829A6 /* OrderCell.xib */; };
		71AC64451A9394A2002E330A /* AppDelegate.swift in Sources */ = {isa = PBXBuildFile; fileRef = 71AC64441A9394A2002E330A /* AppDelegate.swift */; };
		71AC644A1A9394A2002E330A /* Main.storyboard in Resources */ = {isa = PBXBuildFile; fileRef = 71AC64481A9394A2002E330A /* Main.storyboard */; };
		71AC644C1A9394A2002E330A /* Images.xcassets in Resources */ = {isa = PBXBuildFile; fileRef = 71AC644B1A9394A2002E330A /* Images.xcassets */; };
		71AC644F1A9394A2002E330A /* LaunchScreen.xib in Resources */ = {isa = PBXBuildFile; fileRef = 71AC644D1A9394A2002E330A /* LaunchScreen.xib */; };
		71AC645B1A9394A2002E330A /* OrdableTests.swift in Sources */ = {isa = PBXBuildFile; fileRef = 71AC645A1A9394A2002E330A /* OrdableTests.swift */; };
		71AC64651A939853002E330A /* OrderVC.swift in Sources */ = {isa = PBXBuildFile; fileRef = 71AC64641A939853002E330A /* OrderVC.swift */; };
		71AC64691A939A3C002E330A /* OrderCell.swift in Sources */ = {isa = PBXBuildFile; fileRef = 71AC64681A939A3C002E330A /* OrderCell.swift */; };
		71C0A7D81AC8216E00733ED4 /* SalesVC.swift in Sources */ = {isa = PBXBuildFile; fileRef = 71C0A7D71AC8216E00733ED4 /* SalesVC.swift */; };
		71C0A7DC1AC821A200733ED4 /* Sale.swift in Sources */ = {isa = PBXBuildFile; fileRef = 71C0A7D91AC821A200733ED4 /* Sale.swift */; };
		71C0A7DD1AC821A200733ED4 /* Sales.xcdatamodeld in Sources */ = {isa = PBXBuildFile; fileRef = 71C0A7DA1AC821A200733ED4 /* Sales.xcdatamodeld */; };
		71F5D8DD1ABB07E700C8A1B1 /* Constants.swift in Sources */ = {isa = PBXBuildFile; fileRef = 71F5D8DC1ABB07E700C8A1B1 /* Constants.swift */; };
/* End PBXBuildFile section */

/* Begin PBXContainerItemProxy section */
		71AC64551A9394A2002E330A /* PBXContainerItemProxy */ = {
			isa = PBXContainerItemProxy;
			containerPortal = 71AC64371A9394A2002E330A /* Project object */;
			proxyType = 1;
			remoteGlobalIDString = 71AC643E1A9394A2002E330A;
			remoteInfo = Ordable;
		};
/* End PBXContainerItemProxy section */

/* Begin PBXFileReference section */
		714926441A9619E500C00607 /* OrderItem.swift */ = {isa = PBXFileReference; fileEncoding = 4; lastKnownFileType = sourcecode.swift; name = OrderItem.swift; path = CustomModels/OrderItem.swift; sourceTree = "<group>"; };
		714926471A9642BD00C00607 /* MultipeerConnectivityService.h */ = {isa = PBXFileReference; fileEncoding = 4; lastKnownFileType = sourcecode.c.h; name = MultipeerConnectivityService.h; path = CustomClasses/Multipeer/MultipeerConnectivityService.h; sourceTree = "<group>"; };
		714926481A9642BD00C00607 /* MultipeerConnectivityService.m */ = {isa = PBXFileReference; fileEncoding = 4; lastKnownFileType = sourcecode.c.objc; name = MultipeerConnectivityService.m; path = CustomClasses/Multipeer/MultipeerConnectivityService.m; sourceTree = "<group>"; };
		7149264B1A96432000C00607 /* Ordable-Bridging-Header.h */ = {isa = PBXFileReference; lastKnownFileType = sourcecode.c.h; path = "Ordable-Bridging-Header.h"; sourceTree = "<group>"; };
		714926501A964DD700C00607 /* PLPartyTime.h */ = {isa = PBXFileReference; fileEncoding = 4; lastKnownFileType = sourcecode.c.h; name = PLPartyTime.h; path = CustomClasses/Multipeer/PLPartyTime.h; sourceTree = "<group>"; };
		714926511A964DD700C00607 /* PLPartyTime.m */ = {isa = PBXFileReference; fileEncoding = 4; lastKnownFileType = sourcecode.c.objc; name = PLPartyTime.m; path = CustomClasses/Multipeer/PLPartyTime.m; sourceTree = "<group>"; };
		71499EC01ABAC4EB0098CF51 /* notification.mp3 */ = {isa = PBXFileReference; lastKnownFileType = audio.mp3; name = notification.mp3; path = Sounds/notification.mp3; sourceTree = "<group>"; };
		716F42A51A960E3F001829A6 /* OrderCell.xib */ = {isa = PBXFileReference; fileEncoding = 4; lastKnownFileType = file.xib; path = OrderCell.xib; sourceTree = "<group>"; };
		71AC643F1A9394A2002E330A /* Ordable - Server.app */ = {isa = PBXFileReference; explicitFileType = wrapper.application; includeInIndex = 0; path = "Ordable - Server.app"; sourceTree = BUILT_PRODUCTS_DIR; };
		71AC64431A9394A2002E330A /* Info.plist */ = {isa = PBXFileReference; lastKnownFileType = text.plist.xml; path = Info.plist; sourceTree = "<group>"; };
		71AC64441A9394A2002E330A /* AppDelegate.swift */ = {isa = PBXFileReference; lastKnownFileType = sourcecode.swift; path = AppDelegate.swift; sourceTree = "<group>"; };
		71AC64491A9394A2002E330A /* Base */ = {isa = PBXFileReference; lastKnownFileType = file.storyboard; name = Base; path = Base.lproj/Main.storyboard; sourceTree = "<group>"; };
		71AC644B1A9394A2002E330A /* Images.xcassets */ = {isa = PBXFileReference; lastKnownFileType = folder.assetcatalog; path = Images.xcassets; sourceTree = "<group>"; };
		71AC644E1A9394A2002E330A /* Base */ = {isa = PBXFileReference; lastKnownFileType = file.xib; name = Base; path = Base.lproj/LaunchScreen.xib; sourceTree = "<group>"; };
		71AC64541A9394A2002E330A /* OrdableTests.xctest */ = {isa = PBXFileReference; explicitFileType = wrapper.cfbundle; includeInIndex = 0; path = OrdableTests.xctest; sourceTree = BUILT_PRODUCTS_DIR; };
		71AC64591A9394A2002E330A /* Info.plist */ = {isa = PBXFileReference; lastKnownFileType = text.plist.xml; path = Info.plist; sourceTree = "<group>"; };
		71AC645A1A9394A2002E330A /* OrdableTests.swift */ = {isa = PBXFileReference; lastKnownFileType = sourcecode.swift; path = OrdableTests.swift; sourceTree = "<group>"; };
		71AC64641A939853002E330A /* OrderVC.swift */ = {isa = PBXFileReference; fileEncoding = 4; lastKnownFileType = sourcecode.swift; path = OrderVC.swift; sourceTree = "<group>"; };
		71AC64681A939A3C002E330A /* OrderCell.swift */ = {isa = PBXFileReference; fileEncoding = 4; lastKnownFileType = sourcecode.swift; name = OrderCell.swift; path = CustomClasses/OrderCell.swift; sourceTree = "<group>"; };
		71C0A7D71AC8216E00733ED4 /* SalesVC.swift */ = {isa = PBXFileReference; fileEncoding = 4; lastKnownFileType = sourcecode.swift; path = SalesVC.swift; sourceTree = "<group>"; };
		71C0A7D91AC821A200733ED4 /* Sale.swift */ = {isa = PBXFileReference; fileEncoding = 4; lastKnownFileType = sourcecode.swift; name = Sale.swift; path = CoreData/Sale.swift; sourceTree = "<group>"; };
		71C0A7DB1AC821A200733ED4 /* Sales.xcdatamodel */ = {isa = PBXFileReference; lastKnownFileType = wrapper.xcdatamodel; path = Sales.xcdatamodel; sourceTree = "<group>"; };
		71F5D8DC1ABB07E700C8A1B1 /* Constants.swift */ = {isa = PBXFileReference; fileEncoding = 4; lastKnownFileType = sourcecode.swift; path = Constants.swift; sourceTree = "<group>"; };
/* End PBXFileReference section */

/* Begin PBXFrameworksBuildPhase section */
		71AC643C1A9394A2002E330A /* Frameworks */ = {
			isa = PBXFrameworksBuildPhase;
			buildActionMask = 2147483647;
			files = (
			);
			runOnlyForDeploymentPostprocessing = 0;
		};
		71AC64511A9394A2002E330A /* Frameworks */ = {
			isa = PBXFrameworksBuildPhase;
			buildActionMask = 2147483647;
			files = (
			);
			runOnlyForDeploymentPostprocessing = 0;
		};
/* End PBXFrameworksBuildPhase section */

/* Begin PBXGroup section */
		714926461A9619EE00C00607 /* CustomModels */ = {
			isa = PBXGroup;
			children = (
				714926441A9619E500C00607 /* OrderItem.swift */,
			);
			name = CustomModels;
			sourceTree = "<group>";
		};
		7149264A1A9642C000C00607 /* Multipeer */ = {
			isa = PBXGroup;
			children = (
				714926501A964DD700C00607 /* PLPartyTime.h */,
				714926511A964DD700C00607 /* PLPartyTime.m */,
				714926471A9642BD00C00607 /* MultipeerConnectivityService.h */,
				714926481A9642BD00C00607 /* MultipeerConnectivityService.m */,
			);
			name = Multipeer;
			sourceTree = "<group>";
		};
		71499EC21ABAC4F10098CF51 /* Sounds */ = {
			isa = PBXGroup;
			children = (
				71499EC01ABAC4EB0098CF51 /* notification.mp3 */,
			);
			name = Sounds;
			sourceTree = "<group>";
		};
		71AC64361A9394A2002E330A = {
			isa = PBXGroup;
			children = (
				71AC64411A9394A2002E330A /* Ordable */,
				71AC64571A9394A2002E330A /* OrdableTests */,
				71AC64401A9394A2002E330A /* Products */,
			);
			sourceTree = "<group>";
		};
		71AC64401A9394A2002E330A /* Products */ = {
			isa = PBXGroup;
			children = (
				71AC643F1A9394A2002E330A /* Ordable - Server.app */,
				71AC64541A9394A2002E330A /* OrdableTests.xctest */,
			);
			name = Products;
			sourceTree = "<group>";
		};
		71AC64411A9394A2002E330A /* Ordable */ = {
			isa = PBXGroup;
			children = (
				71AC64481A9394A2002E330A /* Main.storyboard */,
				71F5D8DC1ABB07E700C8A1B1 /* Constants.swift */,
				71AC64441A9394A2002E330A /* AppDelegate.swift */,
				71AC64641A939853002E330A /* OrderVC.swift */,
				71C0A7D71AC8216E00733ED4 /* SalesVC.swift */,
				714926461A9619EE00C00607 /* CustomModels */,
				71AC646A1A939A3F002E330A /* CustomClasses */,
				71AC644B1A9394A2002E330A /* Images.xcassets */,
				71AC644D1A9394A2002E330A /* LaunchScreen.xib */,
				71C0A7DE1AC821AD00733ED4 /* CoreData */,
				71AC64421A9394A2002E330A /* Supporting Files */,
				71499EC21ABAC4F10098CF51 /* Sounds */,
				7149264B1A96432000C00607 /* Ordable-Bridging-Header.h */,
			);
			path = Ordable;
			sourceTree = "<group>";
		};
		71AC64421A9394A2002E330A /* Supporting Files */ = {
			isa = PBXGroup;
			children = (
				71AC64431A9394A2002E330A /* Info.plist */,
			);
			name = "Supporting Files";
			sourceTree = "<group>";
		};
		71AC64571A9394A2002E330A /* OrdableTests */ = {
			isa = PBXGroup;
			children = (
				71AC645A1A9394A2002E330A /* OrdableTests.swift */,
				71AC64581A9394A2002E330A /* Supporting Files */,
			);
			path = OrdableTests;
			sourceTree = "<group>";
		};
		71AC64581A9394A2002E330A /* Supporting Files */ = {
			isa = PBXGroup;
			children = (
				71AC64591A9394A2002E330A /* Info.plist */,
			);
			name = "Supporting Files";
			sourceTree = "<group>";
		};
		71AC646A1A939A3F002E330A /* CustomClasses */ = {
			isa = PBXGroup;
			children = (
				7149264A1A9642C000C00607 /* Multipeer */,
				71AC64681A939A3C002E330A /* OrderCell.swift */,
				716F42A51A960E3F001829A6 /* OrderCell.xib */,
			);
			name = CustomClasses;
			sourceTree = "<group>";
		};
		71C0A7DE1AC821AD00733ED4 /* CoreData */ = {
			isa = PBXGroup;
			children = (
				71C0A7D91AC821A200733ED4 /* Sale.swift */,
				71C0A7DA1AC821A200733ED4 /* Sales.xcdatamodeld */,
			);
			name = CoreData;
			sourceTree = "<group>";
		};
/* End PBXGroup section */

/* Begin PBXNativeTarget section */
		71AC643E1A9394A2002E330A /* Ordable */ = {
			isa = PBXNativeTarget;
			buildConfigurationList = 71AC645E1A9394A2002E330A /* Build configuration list for PBXNativeTarget "Ordable" */;
			buildPhases = (
				71AC643B1A9394A2002E330A /* Sources */,
				71AC643C1A9394A2002E330A /* Frameworks */,
				71AC643D1A9394A2002E330A /* Resources */,
			);
			buildRules = (
			);
			dependencies = (
			);
			name = Ordable;
			productName = Ordable;
			productReference = 71AC643F1A9394A2002E330A /* Ordable - Server.app */;
			productType = "com.apple.product-type.application";
		};
		71AC64531A9394A2002E330A /* OrdableTests */ = {
			isa = PBXNativeTarget;
			buildConfigurationList = 71AC64611A9394A2002E330A /* Build configuration list for PBXNativeTarget "OrdableTests" */;
			buildPhases = (
				71AC64501A9394A2002E330A /* Sources */,
				71AC64511A9394A2002E330A /* Frameworks */,
				71AC64521A9394A2002E330A /* Resources */,
			);
			buildRules = (
			);
			dependencies = (
				71AC64561A9394A2002E330A /* PBXTargetDependency */,
			);
			name = OrdableTests;
			productName = OrdableTests;
			productReference = 71AC64541A9394A2002E330A /* OrdableTests.xctest */;
			productType = "com.apple.product-type.bundle.unit-test";
		};
/* End PBXNativeTarget section */

/* Begin PBXProject section */
		71AC64371A9394A2002E330A /* Project object */ = {
			isa = PBXProject;
			attributes = {
				LastUpgradeCheck = 0610;
				ORGANIZATIONNAME = LeiZeng;
				TargetAttributes = {
					71AC643E1A9394A2002E330A = {
						CreatedOnToolsVersion = 6.1.1;
						DevelopmentTeam = 937LC8523N;
					};
					71AC64531A9394A2002E330A = {
						CreatedOnToolsVersion = 6.1.1;
						TestTargetID = 71AC643E1A9394A2002E330A;
					};
				};
			};
			buildConfigurationList = 71AC643A1A9394A2002E330A /* Build configuration list for PBXProject "Ordable" */;
			compatibilityVersion = "Xcode 3.2";
			developmentRegion = English;
			hasScannedForEncodings = 0;
			knownRegions = (
				en,
				Base,
			);
			mainGroup = 71AC64361A9394A2002E330A;
			productRefGroup = 71AC64401A9394A2002E330A /* Products */;
			projectDirPath = "";
			projectRoot = "";
			targets = (
				71AC643E1A9394A2002E330A /* Ordable */,
				71AC64531A9394A2002E330A /* OrdableTests */,
			);
		};
/* End PBXProject section */

/* Begin PBXResourcesBuildPhase section */
		71AC643D1A9394A2002E330A /* Resources */ = {
			isa = PBXResourcesBuildPhase;
			buildActionMask = 2147483647;
			files = (
				71499EC11ABAC4EB0098CF51 /* notification.mp3 in Resources */,
				71AC644A1A9394A2002E330A /* Main.storyboard in Resources */,
				71AC644F1A9394A2002E330A /* LaunchScreen.xib in Resources */,
				716F42A61A960E3F001829A6 /* OrderCell.xib in Resources */,
				71AC644C1A9394A2002E330A /* Images.xcassets in Resources */,
			);
			runOnlyForDeploymentPostprocessing = 0;
		};
		71AC64521A9394A2002E330A /* Resources */ = {
			isa = PBXResourcesBuildPhase;
			buildActionMask = 2147483647;
			files = (
			);
			runOnlyForDeploymentPostprocessing = 0;
		};
/* End PBXResourcesBuildPhase section */

/* Begin PBXSourcesBuildPhase section */
		71AC643B1A9394A2002E330A /* Sources */ = {
			isa = PBXSourcesBuildPhase;
			buildActionMask = 2147483647;
			files = (
				71C0A7DD1AC821A200733ED4 /* Sales.xcdatamodeld in Sources */,
				71AC64651A939853002E330A /* OrderVC.swift in Sources */,
				71C0A7DC1AC821A200733ED4 /* Sale.swift in Sources */,
				71C0A7D81AC8216E00733ED4 /* SalesVC.swift in Sources */,
				714926521A964DD700C00607 /* PLPartyTime.m in Sources */,
				714926491A9642BD00C00607 /* MultipeerConnectivityService.m in Sources */,
				714926451A9619E500C00607 /* OrderItem.swift in Sources */,
				71F5D8DD1ABB07E700C8A1B1 /* Constants.swift in Sources */,
				71AC64691A939A3C002E330A /* OrderCell.swift in Sources */,
				71AC64451A9394A2002E330A /* AppDelegate.swift in Sources */,
			);
			runOnlyForDeploymentPostprocessing = 0;
		};
		71AC64501A9394A2002E330A /* Sources */ = {
			isa = PBXSourcesBuildPhase;
			buildActionMask = 2147483647;
			files = (
				71AC645B1A9394A2002E330A /* OrdableTests.swift in Sources */,
			);
			runOnlyForDeploymentPostprocessing = 0;
		};
/* End PBXSourcesBuildPhase section */

/* Begin PBXTargetDependency section */
		71AC64561A9394A2002E330A /* PBXTargetDependency */ = {
			isa = PBXTargetDependency;
			target = 71AC643E1A9394A2002E330A /* Ordable */;
			targetProxy = 71AC64551A9394A2002E330A /* PBXContainerItemProxy */;
		};
/* End PBXTargetDependency section */

/* Begin PBXVariantGroup section */
		71AC64481A9394A2002E330A /* Main.storyboard */ = {
			isa = PBXVariantGroup;
			children = (
				71AC64491A9394A2002E330A /* Base */,
			);
			name = Main.storyboard;
			sourceTree = "<group>";
		};
		71AC644D1A9394A2002E330A /* LaunchScreen.xib */ = {
			isa = PBXVariantGroup;
			children = (
				71AC644E1A9394A2002E330A /* Base */,
			);
			name = LaunchScreen.xib;
			sourceTree = "<group>";
		};
/* End PBXVariantGroup section */

/* Begin XCBuildConfiguration section */
		71AC645C1A9394A2002E330A /* Debug */ = {
			isa = XCBuildConfiguration;
			buildSettings = {
				ALWAYS_SEARCH_USER_PATHS = NO;
				CLANG_CXX_LANGUAGE_STANDARD = "gnu++0x";
				CLANG_CXX_LIBRARY = "libc++";
				CLANG_ENABLE_MODULES = YES;
				CLANG_ENABLE_OBJC_ARC = YES;
				CLANG_WARN_BOOL_CONVERSION = YES;
				CLANG_WARN_CONSTANT_CONVERSION = YES;
				CLANG_WARN_DIRECT_OBJC_ISA_USAGE = YES_ERROR;
				CLANG_WARN_EMPTY_BODY = YES;
				CLANG_WARN_ENUM_CONVERSION = YES;
				CLANG_WARN_INT_CONVERSION = YES;
				CLANG_WARN_OBJC_ROOT_CLASS = YES_ERROR;
				CLANG_WARN_UNREACHABLE_CODE = YES;
				CLANG_WARN__DUPLICATE_METHOD_MATCH = YES;
				CODE_SIGN_IDENTITY = "iPhone Developer: Lei Zeng (T88YF5PL92)";
				"CODE_SIGN_IDENTITY[sdk=iphoneos*]" = "iPhone Developer";
				COPY_PHASE_STRIP = NO;
				ENABLE_STRICT_OBJC_MSGSEND = YES;
				GCC_C_LANGUAGE_STANDARD = gnu99;
				GCC_DYNAMIC_NO_PIC = NO;
				GCC_OPTIMIZATION_LEVEL = 0;
				GCC_PREPROCESSOR_DEFINITIONS = (
					"DEBUG=1",
					"$(inherited)",
				);
				GCC_SYMBOLS_PRIVATE_EXTERN = NO;
				GCC_WARN_64_TO_32_BIT_CONVERSION = YES;
				GCC_WARN_ABOUT_RETURN_TYPE = YES_ERROR;
				GCC_WARN_UNDECLARED_SELECTOR = YES;
				GCC_WARN_UNINITIALIZED_AUTOS = YES_AGGRESSIVE;
				GCC_WARN_UNUSED_FUNCTION = YES;
				GCC_WARN_UNUSED_VARIABLE = YES;
				IPHONEOS_DEPLOYMENT_TARGET = 8.1;
				MTL_ENABLE_DEBUG_INFO = YES;
				ONLY_ACTIVE_ARCH = YES;
				PRODUCT_NAME = "Ordable - Server";
				SDKROOT = iphoneos;
				SWIFT_OPTIMIZATION_LEVEL = "-Onone";
				TARGETED_DEVICE_FAMILY = 2;
			};
			name = Debug;
		};
		71AC645D1A9394A2002E330A /* Release */ = {
			isa = XCBuildConfiguration;
			buildSettings = {
				ALWAYS_SEARCH_USER_PATHS = NO;
				CLANG_CXX_LANGUAGE_STANDARD = "gnu++0x";
				CLANG_CXX_LIBRARY = "libc++";
				CLANG_ENABLE_MODULES = YES;
				CLANG_ENABLE_OBJC_ARC = YES;
				CLANG_WARN_BOOL_CONVERSION = YES;
				CLANG_WARN_CONSTANT_CONVERSION = YES;
				CLANG_WARN_DIRECT_OBJC_ISA_USAGE = YES_ERROR;
				CLANG_WARN_EMPTY_BODY = YES;
				CLANG_WARN_ENUM_CONVERSION = YES;
				CLANG_WARN_INT_CONVERSION = YES;
				CLANG_WARN_OBJC_ROOT_CLASS = YES_ERROR;
				CLANG_WARN_UNREACHABLE_CODE = YES;
				CLANG_WARN__DUPLICATE_METHOD_MATCH = YES;
				CODE_SIGN_IDENTITY = "iPhone Developer: Lei Zeng (T88YF5PL92)";
				"CODE_SIGN_IDENTITY[sdk=iphoneos*]" = "iPhone Developer";
				COPY_PHASE_STRIP = YES;
				ENABLE_NS_ASSERTIONS = NO;
				ENABLE_STRICT_OBJC_MSGSEND = YES;
				GCC_C_LANGUAGE_STANDARD = gnu99;
				GCC_WARN_64_TO_32_BIT_CONVERSION = YES;
				GCC_WARN_ABOUT_RETURN_TYPE = YES_ERROR;
				GCC_WARN_UNDECLARED_SELECTOR = YES;
				GCC_WARN_UNINITIALIZED_AUTOS = YES_AGGRESSIVE;
				GCC_WARN_UNUSED_FUNCTION = YES;
				GCC_WARN_UNUSED_VARIABLE = YES;
				IPHONEOS_DEPLOYMENT_TARGET = 8.1;
				MTL_ENABLE_DEBUG_INFO = NO;
				PRODUCT_NAME = "Ordable - Server";
				SDKROOT = iphoneos;
				TARGETED_DEVICE_FAMILY = 2;
				VALIDATE_PRODUCT = YES;
			};
			name = Release;
		};
		71AC645F1A9394A2002E330A /* Debug */ = {
			isa = XCBuildConfiguration;
			buildSettings = {
				ASSETCATALOG_COMPILER_APPICON_NAME = AppIcon;
				CODE_SIGN_IDENTITY = "iPhone Developer";
				"CODE_SIGN_IDENTITY[sdk=iphoneos*]" = "iPhone Developer";
				INFOPLIST_FILE = Ordable/Info.plist;
				LD_RUNPATH_SEARCH_PATHS = "$(inherited) @executable_path/Frameworks";
				PRODUCT_NAME = "Ordable - Server";
				PROVISIONING_PROFILE = "";
				SWIFT_OBJC_BRIDGING_HEADER = "Ordable/Ordable-Bridging-Header.h";
			};
			name = Debug;
		};
		71AC64601A9394A2002E330A /* Release */ = {
			isa = XCBuildConfiguration;
			buildSettings = {
				ASSETCATALOG_COMPILER_APPICON_NAME = AppIcon;
				CODE_SIGN_IDENTITY = "iPhone Developer";
				"CODE_SIGN_IDENTITY[sdk=iphoneos*]" = "iPhone Developer";
				INFOPLIST_FILE = Ordable/Info.plist;
				LD_RUNPATH_SEARCH_PATHS = "$(inherited) @executable_path/Frameworks";
				PRODUCT_NAME = "Ordable - Server";
				PROVISIONING_PROFILE = "";
				SWIFT_OBJC_BRIDGING_HEADER = "Ordable/Ordable-Bridging-Header.h";
			};
			name = Release;
		};
		71AC64621A9394A2002E330A /* Debug */ = {
			isa = XCBuildConfiguration;
			buildSettings = {
				BUNDLE_LOADER = "$(TEST_HOST)";
				FRAMEWORK_SEARCH_PATHS = (
					"$(SDKROOT)/Developer/Library/Frameworks",
					"$(inherited)",
				);
				GCC_PREPROCESSOR_DEFINITIONS = (
					"DEBUG=1",
					"$(inherited)",
				);
				INFOPLIST_FILE = OrdableTests/Info.plist;
				LD_RUNPATH_SEARCH_PATHS = "$(inherited) @executable_path/Frameworks @loader_path/Frameworks";
				PRODUCT_NAME = "$(TARGET_NAME)";
				TEST_HOST = "$(BUILT_PRODUCTS_DIR)/Ordable - Server.app/Ordable - Server";
			};
			name = Debug;
		};
		71AC64631A9394A2002E330A /* Release */ = {
			isa = XCBuildConfiguration;
			buildSettings = {
				BUNDLE_LOADER = "$(TEST_HOST)";
				FRAMEWORK_SEARCH_PATHS = (
					"$(SDKROOT)/Developer/Library/Frameworks",
					"$(inherited)",
				);
				INFOPLIST_FILE = OrdableTests/Info.plist;
				LD_RUNPATH_SEARCH_PATHS = "$(inherited) @executable_path/Frameworks @loader_path/Frameworks";
				PRODUCT_NAME = "$(TARGET_NAME)";
				TEST_HOST = "$(BUILT_PRODUCTS_DIR)/Ordable - Server.app/Ordable - Server";
			};
			name = Release;
		};
/* End XCBuildConfiguration section */

/* Begin XCConfigurationList section */
		71AC643A1A9394A2002E330A /* Build configuration list for PBXProject "Ordable" */ = {
			isa = XCConfigurationList;
			buildConfigurations = (
				71AC645C1A9394A2002E330A /* Debug */,
				71AC645D1A9394A2002E330A /* Release */,
			);
			defaultConfigurationIsVisible = 0;
			defaultConfigurationName = Release;
		};
		71AC645E1A9394A2002E330A /* Build configuration list for PBXNativeTarget "Ordable" */ = {
			isa = XCConfigurationList;
			buildConfigurations = (
				71AC645F1A9394A2002E330A /* Debug */,
				71AC64601A9394A2002E330A /* Release */,
			);
			defaultConfigurationIsVisible = 0;
			defaultConfigurationName = Release;
		};
		71AC64611A9394A2002E330A /* Build configuration list for PBXNativeTarget "OrdableTests" */ = {
			isa = XCConfigurationList;
			buildConfigurations = (
				71AC64621A9394A2002E330A /* Debug */,
				71AC64631A9394A2002E330A /* Release */,
			);
			defaultConfigurationIsVisible = 0;
			defaultConfigurationName = Release;
		};
/* End XCConfigurationList section */

/* Begin XCVersionGroup section */
		71C0A7DA1AC821A200733ED4 /* Sales.xcdatamodeld */ = {
			isa = XCVersionGroup;
			children = (
				71C0A7DB1AC821A200733ED4 /* Sales.xcdatamodel */,
			);
			currentVersion = 71C0A7DB1AC821A200733ED4 /* Sales.xcdatamodel */;
			name = Sales.xcdatamodeld;
			path = CoreData/Sales.xcdatamodeld;
			sourceTree = "<group>";
			versionGroupType = wrapper.xcdatamodel;
		};
/* End XCVersionGroup section */
	};
	rootObject = 71AC64371A9394A2002E330A /* Project object */;
}
